PODS:
  - RomanNumeralConverter (0.1.0)

DEPENDENCIES:
  - RomanNumeralConverter (from `../`)

EXTERNAL SOURCES:
  RomanNumeralConverter:
    :path: "../"

SPEC CHECKSUMS:
  RomanNumeralConverter: 7e5e110975280e5ad45408ab68c1574f966d9487

PODFILE CHECKSUM: 454d29a796ef9eea1741029d4d5af3339351701d

COCOAPODS: 1.0.0
